lockVersion: 2.0.0
id: 3a450d25-b36a-4ee1-a439-d28897ecbc3f
management:
  docChecksum: 6e7650fcfb61f794f7b08f70b0e4fac3
  docVersion: 1.0.0
  speakeasyVersion: 1.382.0
  generationVersion: 2.404.11
  releaseVersion: 0.0.11
  configChecksum: d57c2f95ac6330a82593eae4e66c0c86
  repoURL: https://github.com/StackOneHQ/stackone-client-postman.git
features:
  postman:
    constsAndDefaults: 0.1.0
    core: 0.1.9
    deprecations: 0.0.0
    examples: 0.1.0
    globalSecurity: 0.1.1
    globalServerURLs: 0.1.0
    groups: 0.1.0
    nameOverrides: 0.1.0
    pagination: 0.0.0
generatedFiles:
  - StackOne_postman_collection.json
