speakeasyVersion: 1.606.9
sources:
    hris:
        sourceNamespace: hris
        sourceRevisionDigest: sha256:82502c02f7326834f5973abb6f50de8cdc24f65c40b5c16bf1a87381e01460e5
        sourceBlobDigest: sha256:a21283c725517eae2c1e09b5fa157355a7cbe02c3b05854f3ecb07cf8820cc1a
        tags:
            - latest
    my-source:
        sourceNamespace: my-source
        sourceRevisionDigest: sha256:71e6401670a8823188081589486a2d7f318244c0d25e2137d5a047d348fda0fb
        sourceBlobDigest: sha256:f5765d18bcbb70aef9deacf294fa2134ef50275bc88abacdc989370a7dbf08df
        tags:
            - latest
            - speakeasy-sdk-regen-1750119385
            - 1.0.0
targets:
    my-first-target:
        source: my-source
        sourceNamespace: my-source
        sourceRevisionDigest: sha256:71e6401670a8823188081589486a2d7f318244c0d25e2137d5a047d348fda0fb
        sourceBlobDigest: sha256:f5765d18bcbb70aef9deacf294fa2134ef50275bc88abacdc989370a7dbf08df
workflow:
    workflowVersion: 1.0.0
    speakeasyVersion: latest
    sources:
        my-source:
            inputs:
                - location: https://api.eu1.stackone.com/oas/stackone.json
                - location: https://api.eu1.stackone.com/oas/hris.json
                - location: https://api.eu1.stackone.com/oas/ats.json
                - location: https://api.eu1.stackone.com/oas/crm.json
                - location: https://api.eu1.stackone.com/oas/iam.json
                - location: https://api.eu1.stackone.com/oas/marketing.json
                - location: https://api.eu1.stackone.com/oas/lms.json
                - location: https://api.eu1.stackone.com/oas/ticketing.json
                - location: https://api.eu1.stackone.com/oas/documents.json
                - location: https://api.eu1.stackone.com/oas/screening.json
                - location: https://api.eu1.stackone.com/oas/messaging.json
                - location: https://api.eu1.stackone.com/oas/accounting.json
            registry:
                location: registry.speakeasyapi.dev/stackone/stackone/my-source
    targets:
        my-first-target:
            target: postman
            source: my-source
