speakeasyVersion: 1.653.0
sources:
    hris:
        sourceNamespace: hris
        sourceRevisionDigest: sha256:82502c02f7326834f5973abb6f50de8cdc24f65c40b5c16bf1a87381e01460e5
        sourceBlobDigest: sha256:a21283c725517eae2c1e09b5fa157355a7cbe02c3b05854f3ecb07cf8820cc1a
        tags:
            - latest
    my-source:
        sourceNamespace: my-source
        sourceRevisionDigest: sha256:1974e692f70462cc257a0a25a49638c4a2c28cf225b751c2877caf9ba5eea273
        sourceBlobDigest: sha256:d50cf5ce138486b86d7c5837c8a209775b17f7c890552dfc83bdaff8fb6ac793
        tags:
            - latest
            - speakeasy-sdk-regen-1757376930
            - 1.0.0
targets:
    my-first-target:
        source: my-source
        sourceNamespace: my-source
        sourceRevisionDigest: sha256:1974e692f70462cc257a0a25a49638c4a2c28cf225b751c2877caf9ba5eea273
        sourceBlobDigest: sha256:d50cf5ce138486b86d7c5837c8a209775b17f7c890552dfc83bdaff8fb6ac793
workflow:
    workflowVersion: 1.0.0
    speakeasyVersion: latest
    sources:
        my-source:
            inputs:
                - location: https://api.eu1.stackone.com/oas/stackone.json
                - location: https://api.eu1.stackone.com/oas/hris.json
                - location: https://api.eu1.stackone.com/oas/ats.json
                - location: https://api.eu1.stackone.com/oas/crm.json
                - location: https://api.eu1.stackone.com/oas/iam.json
                - location: https://api.eu1.stackone.com/oas/marketing.json
                - location: https://api.eu1.stackone.com/oas/lms.json
                - location: https://api.eu1.stackone.com/oas/ticketing.json
                - location: https://api.eu1.stackone.com/oas/documents.json
                - location: https://api.eu1.stackone.com/oas/screening.json
                - location: https://api.eu1.stackone.com/oas/messaging.json
                - location: https://api.eu1.stackone.com/oas/accounting.json
            registry:
                location: registry.speakeasyapi.dev/stackone/stackone/my-source
    targets:
        my-first-target:
            target: postman
            source: my-source
