speakeasyVersion: 1.456.1
sources:
    hris:
        sourceNamespace: hris
        sourceRevisionDigest: sha256:82502c02f7326834f5973abb6f50de8cdc24f65c40b5c16bf1a87381e01460e5
        sourceBlobDigest: sha256:a21283c725517eae2c1e09b5fa157355a7cbe02c3b05854f3ecb07cf8820cc1a
        tags:
            - latest
    my-source:
        sourceNamespace: my-source
        sourceRevisionDigest: sha256:811e851b60c5b915a7ac9957bd99ad5ea897dde9beeb9e20c1f31d0f81b52828
        sourceBlobDigest: sha256:fa42b7a990191c1b63f2db7315361bd2e9e6101984bf7a5c636fec2b2f3667d5
        tags:
            - latest
            - speakeasy-sdk-regen-1732061663
            - 1.0.0
targets:
    my-first-target:
        source: my-source
        sourceNamespace: my-source
        sourceRevisionDigest: sha256:811e851b60c5b915a7ac9957bd99ad5ea897dde9beeb9e20c1f31d0f81b52828
        sourceBlobDigest: sha256:fa42b7a990191c1b63f2db7315361bd2e9e6101984bf7a5c636fec2b2f3667d5
workflow:
    workflowVersion: 1.0.0
    speakeasyVersion: latest
    sources:
        my-source:
            inputs:
                - location: https://api.eu1.stackone.com/oas/stackone.json
                - location: https://api.eu1.stackone.com/oas/hris.json
                - location: https://api.eu1.stackone.com/oas/ats.json
                - location: https://api.eu1.stackone.com/oas/crm.json
                - location: https://api.eu1.stackone.com/oas/iam.json
                - location: https://api.eu1.stackone.com/oas/marketing.json
                - location: https://api.eu1.stackone.com/oas/lms.json
            registry:
                location: registry.speakeasyapi.dev/stackone/stackone/my-source
    targets:
        my-first-target:
            target: postman
            source: my-source
